PODS:
  - LJDynamicParser (0.0.7)

DEPENDENCIES:
  - LJDynamicParser (from `https://github.com/lattejed/LJDynamicParser.git`)

EXTERNAL SOURCES:
  LJDynamicParser:
    :git: https://github.com/lattejed/LJDynamicParser.git

SPEC CHECKSUMS:
  LJDynamicParser: 4848e5981924e17ba3cd1a1014d11332d196b69c

COCOAPODS: 0.32.1
