PODS:
  - LJDynamicParser (0.0.4)

DEPENDENCIES:
  - LJDynamicParser (from `https://github.com/lattejed/LJDynamicParser.git`)

EXTERNAL SOURCES:
  LJDynamicParser:
    :git: https://github.com/lattejed/LJDynamicParser.git

SPEC CHECKSUMS:
  LJDynamicParser: 99fb238fcbeee2c0d60c245bdd012df579096f10

COCOAPODS: 0.32.1
