PODS:
  - LJDynamicParser (0.0.9)

DEPENDENCIES:
  - LJDynamicParser (from `https://github.com/lattejed/LJDynamicParser.git`)

EXTERNAL SOURCES:
  LJDynamicParser:
    :git: https://github.com/lattejed/LJDynamicParser.git

SPEC CHECKSUMS:
  LJDynamicParser: 73cfa3b5db3482ca467ec8de93eb274238c4b480

COCOAPODS: 0.32.1
